// !$*UTF8*$!
{
	archiveVersion = 1;
	classes = {
	};
	objectVersion = 46;
	objects = {

/* Begin PBXBuildFile section */
		C8B3B52E1CDD998B001BE455 /* AppDelegate.swift in Sources */ = {isa = PBXBuildFile; fileRef = C8B3B52D1CDD998B001BE455 /* AppDelegate.swift */; };
		C8B3B5301CDD998B001BE455 /* ViewController.swift in Sources */ = {isa = PBXBuildFile; fileRef = C8B3B52F1CDD998B001BE455 /* ViewController.swift */; };
		C8B3B5331CDD998B001BE455 /* Main.storyboard in Resources */ = {isa = PBXBuildFile; fileRef = C8B3B5311CDD998B001BE455 /* Main.storyboard */; };
		C8B3B5361CDD998B001BE455 /* TestTableView.xcdatamodeld in Sources */ = {isa = PBXBuildFile; fileRef = C8B3B5341CDD998B001BE455 /* TestTableView.xcdatamodeld */; };
		C8B3B5381CDD998B001BE455 /* Assets.xcassets in Resources */ = {isa = PBXBuildFile; fileRef = C8B3B5371CDD998B001BE455 /* Assets.xcassets */; };
		C8B3B53B1CDD998B001BE455 /* LaunchScreen.storyboard in Resources */ = {isa = PBXBuildFile; fileRef = C8B3B5391CDD998B001BE455 /* LaunchScreen.storyboard */; };
		C8B3B5461CDD998B001BE455 /* TestTableViewTests.swift in Sources */ = {isa = PBXBuildFile; fileRef = C8B3B5451CDD998B001BE455 /* TestTableViewTests.swift */; };
		C8B3B5511CDD998B001BE455 /* TestTableViewUITests.swift in Sources */ = {isa = PBXBuildFile; fileRef = C8B3B5501CDD998B001BE455 /* TestTableViewUITests.swift */; };
		C8B3B55F1CDD9A8D001BE455 /* ProductTableViewCell.swift in Sources */ = {isa = PBXBuildFile; fileRef = C8B3B55E1CDD9A8D001BE455 /* ProductTableViewCell.swift */; };
/* End PBXBuildFile section */

/* Begin PBXContainerItemProxy section */
		C8B3B5421CDD998B001BE455 /* PBXContainerItemProxy */ = {
			isa = PBXContainerItemProxy;
			containerPortal = C8B3B5221CDD998B001BE455 /* Project object */;
			proxyType = 1;
			remoteGlobalIDString = C8B3B5291CDD998B001BE455;
			remoteInfo = TestTableView;
		};
		C8B3B54D1CDD998B001BE455 /* PBXContainerItemProxy */ = {
			isa = PBXContainerItemProxy;
			containerPortal = C8B3B5221CDD998B001BE455 /* Project object */;
			proxyType = 1;
			remoteGlobalIDString = C8B3B5291CDD998B001BE455;
			remoteInfo = TestTableView;
		};
/* End PBXContainerItemProxy section */

/* Begin PBXFileReference section */
		C8B3B52A1CDD998B001BE455 /* TestTableView.app */ = {isa = PBXFileReference; explicitFileType = wrapper.application; includeInIndex = 0; path = TestTableView.app; sourceTree = BUILT_PRODUCTS_DIR; };
		C8B3B52D1CDD998B001BE455 /* AppDelegate.swift */ = {isa = PBXFileReference; lastKnownFileType = sourcecode.swift; path = AppDelegate.swift; sourceTree = "<group>"; };
		C8B3B52F1CDD998B001BE455 /* ViewController.swift */ = {isa = PBXFileReference; lastKnownFileType = sourcecode.swift; path = ViewController.swift; sourceTree = "<group>"; };
		C8B3B5321CDD998B001BE455 /* Base */ = {isa = PBXFileReference; lastKnownFileType = file.storyboard; name = Base; path = Base.lproj/Main.storyboard; sourceTree = "<group>"; };
		C8B3B5351CDD998B001BE455 /* TestTableView.xcdatamodel */ = {isa = PBXFileReference; lastKnownFileType = wrapper.xcdatamodel; path = TestTableView.xcdatamodel; sourceTree = "<group>"; };
		C8B3B5371CDD998B001BE455 /* Assets.xcassets */ = {isa = PBXFileReference; lastKnownFileType = folder.assetcatalog; path = Assets.xcassets; sourceTree = "<group>"; };
		C8B3B53A1CDD998B001BE455 /* Base */ = {isa = PBXFileReference; lastKnownFileType = file.storyboard; name = Base; path = Base.lproj/LaunchScreen.storyboard; sourceTree = "<group>"; };
		C8B3B53C1CDD998B001BE455 /* Info.plist */ = {isa = PBXFileReference; lastKnownFileType = text.plist.xml; path = Info.plist; sourceTree = "<group>"; };
		C8B3B5411CDD998B001BE455 /* TestTableViewTests.xctest */ = {isa = PBXFileReference; explicitFileType = wrapper.cfbundle; includeInIndex = 0; path = TestTableViewTests.xctest; sourceTree = BUILT_PRODUCTS_DIR; };
		C8B3B5451CDD998B001BE455 /* TestTableViewTests.swift */ = {isa = PBXFileReference; lastKnownFileType = sourcecode.swift; path = TestTableViewTests.swift; sourceTree = "<group>"; };
		C8B3B5471CDD998B001BE455 /* Info.plist */ = {isa = PBXFileReference; lastKnownFileType = text.plist.xml; path = Info.plist; sourceTree = "<group>"; };
		C8B3B54C1CDD998B001BE455 /* TestTableViewUITests.xctest */ = {isa = PBXFileReference; explicitFileType = wrapper.cfbundle; includeInIndex = 0; path = TestTableViewUITests.xctest; sourceTree = BUILT_PRODUCTS_DIR; };
		C8B3B5501CDD998B001BE455 /* TestTableViewUITests.swift */ = {isa = PBXFileReference; lastKnownFileType = sourcecode.swift; path = TestTableViewUITests.swift; sourceTree = "<group>"; };
		C8B3B5521CDD998B001BE455 /* Info.plist */ = {isa = PBXFileReference; lastKnownFileType = text.plist.xml; path = Info.plist; sourceTree = "<group>"; };
		C8B3B55E1CDD9A8D001BE455 /* ProductTableViewCell.swift */ = {isa = PBXFileReference; fileEncoding = 4; lastKnownFileType = sourcecode.swift; path = ProductTableViewCell.swift; sourceTree = "<group>"; };
/* End PBXFileReference section */

/* Begin PBXFrameworksBuildPhase section */
		C8B3B5271CDD998B001BE455 /* Frameworks */ = {
			isa = PBXFrameworksBuildPhase;
			buildActionMask = 2147483647;
			files = (
			);
			runOnlyForDeploymentPostprocessing = 0;
		};
		C8B3B53E1CDD998B001BE455 /* Frameworks */ = {
			isa = PBXFrameworksBuildPhase;
			buildActionMask = 2147483647;
			files = (
			);
			runOnlyForDeploymentPostprocessing = 0;
		};
		C8B3B5491CDD998B001BE455 /* Frameworks */ = {
			isa = PBXFrameworksBuildPhase;
			buildActionMask = 2147483647;
			files = (
			);
			runOnlyForDeploymentPostprocessing = 0;
		};
/* End PBXFrameworksBuildPhase section */

/* Begin PBXGroup section */
		C8B3B5211CDD998A001BE455 = {
			isa = PBXGroup;
			children = (
				C8B3B52C1CDD998B001BE455 /* TestTableView */,
				C8B3B5441CDD998B001BE455 /* TestTableViewTests */,
				C8B3B54F1CDD998B001BE455 /* TestTableViewUITests */,
				C8B3B52B1CDD998B001BE455 /* Products */,
			);
			sourceTree = "<group>";
		};
		C8B3B52B1CDD998B001BE455 /* Products */ = {
			isa = PBXGroup;
			children = (
				C8B3B52A1CDD998B001BE455 /* TestTableView.app */,
				C8B3B5411CDD998B001BE455 /* TestTableViewTests.xctest */,
				C8B3B54C1CDD998B001BE455 /* TestTableViewUITests.xctest */,
			);
			name = Products;
			sourceTree = "<group>";
		};
		C8B3B52C1CDD998B001BE455 /* TestTableView */ = {
			isa = PBXGroup;
			children = (
				C8B3B52D1CDD998B001BE455 /* AppDelegate.swift */,
				C8B3B52F1CDD998B001BE455 /* ViewController.swift */,
				C8B3B5311CDD998B001BE455 /* Main.storyboard */,
				C8B3B5371CDD998B001BE455 /* Assets.xcassets */,
				C8B3B5391CDD998B001BE455 /* LaunchScreen.storyboard */,
				C8B3B53C1CDD998B001BE455 /* Info.plist */,
				C8B3B5341CDD998B001BE455 /* TestTableView.xcdatamodeld */,
				C8B3B55E1CDD9A8D001BE455 /* ProductTableViewCell.swift */,
			);
			path = TestTableView;
			sourceTree = "<group>";
		};
		C8B3B5441CDD998B001BE455 /* TestTableViewTests */ = {
			isa = PBXGroup;
			children = (
				C8B3B5451CDD998B001BE455 /* TestTableViewTests.swift */,
				C8B3B5471CDD998B001BE455 /* Info.plist */,
			);
			path = TestTableViewTests;
			sourceTree = "<group>";
		};
		C8B3B54F1CDD998B001BE455 /* TestTableViewUITests */ = {
			isa = PBXGroup;
			children = (
				C8B3B5501CDD998B001BE455 /* TestTableViewUITests.swift */,
				C8B3B5521CDD998B001BE455 /* Info.plist */,
			);
			path = TestTableViewUITests;
			sourceTree = "<group>";
		};
/* End PBXGroup section */

/* Begin PBXNativeTarget section */
		C8B3B5291CDD998B001BE455 /* TestTableView */ = {
			isa = PBXNativeTarget;
			buildConfigurationList = C8B3B5551CDD998B001BE455 /* Build configuration list for PBXNativeTarget "TestTableView" */;
			buildPhases = (
				C8B3B5261CDD998B001BE455 /* Sources */,
				C8B3B5271CDD998B001BE455 /* Frameworks */,
				C8B3B5281CDD998B001BE455 /* Resources */,
			);
			buildRules = (
			);
			dependencies = (
			);
			name = TestTableView;
			productName = TestTableView;
			productReference = C8B3B52A1CDD998B001BE455 /* TestTableView.app */;
			productType = "com.apple.product-type.application";
		};
		C8B3B5401CDD998B001BE455 /* TestTableViewTests */ = {
			isa = PBXNativeTarget;
			buildConfigurationList = C8B3B5581CDD998B001BE455 /* Build configuration list for PBXNativeTarget "TestTableViewTests" */;
			buildPhases = (
				C8B3B53D1CDD998B001BE455 /* Sources */,
				C8B3B53E1CDD998B001BE455 /* Frameworks */,
				C8B3B53F1CDD998B001BE455 /* Resources */,
			);
			buildRules = (
			);
			dependencies = (
				C8B3B5431CDD998B001BE455 /* PBXTargetDependency */,
			);
			name = TestTableViewTests;
			productName = TestTableViewTests;
			productReference = C8B3B5411CDD998B001BE455 /* TestTableViewTests.xctest */;
			productType = "com.apple.product-type.bundle.unit-test";
		};
		C8B3B54B1CDD998B001BE455 /* TestTableViewUITests */ = {
			isa = PBXNativeTarget;
			buildConfigurationList = C8B3B55B1CDD998B001BE455 /* Build configuration list for PBXNativeTarget "TestTableViewUITests" */;
			buildPhases = (
				C8B3B5481CDD998B001BE455 /* Sources */,
				C8B3B5491CDD998B001BE455 /* Frameworks */,
				C8B3B54A1CDD998B001BE455 /* Resources */,
			);
			buildRules = (
			);
			dependencies = (
				C8B3B54E1CDD998B001BE455 /* PBXTargetDependency */,
			);
			name = TestTableViewUITests;
			productName = TestTableViewUITests;
			productReference = C8B3B54C1CDD998B001BE455 /* TestTableViewUITests.xctest */;
			productType = "com.apple.product-type.bundle.ui-testing";
		};
/* End PBXNativeTarget section */

/* Begin PBXProject section */
		C8B3B5221CDD998B001BE455 /* Project object */ = {
			isa = PBXProject;
			attributes = {
				LastSwiftUpdateCheck = 0730;
				LastUpgradeCheck = 0730;
				ORGANIZATIONNAME = "Johnny Pham";
				TargetAttributes = {
					C8B3B5291CDD998B001BE455 = {
						CreatedOnToolsVersion = 7.3;
					};
					C8B3B5401CDD998B001BE455 = {
						CreatedOnToolsVersion = 7.3;
						TestTargetID = C8B3B5291CDD998B001BE455;
					};
					C8B3B54B1CDD998B001BE455 = {
						CreatedOnToolsVersion = 7.3;
						TestTargetID = C8B3B5291CDD998B001BE455;
					};
				};
			};
			buildConfigurationList = C8B3B5251CDD998B001BE455 /* Build configuration list for PBXProject "TestTableView" */;
			compatibilityVersion = "Xcode 3.2";
			developmentRegion = English;
			hasScannedForEncodings = 0;
			knownRegions = (
				en,
				Base,
			);
			mainGroup = C8B3B5211CDD998A001BE455;
			productRefGroup = C8B3B52B1CDD998B001BE455 /* Products */;
			projectDirPath = "";
			projectRoot = "";
			targets = (
				C8B3B5291CDD998B001BE455 /* TestTableView */,
				C8B3B5401CDD998B001BE455 /* TestTableViewTests */,
				C8B3B54B1CDD998B001BE455 /* TestTableViewUITests */,
			);
		};
/* End PBXProject section */

/* Begin PBXResourcesBuildPhase section */
		C8B3B5281CDD998B001BE455 /* Resources */ = {
			isa = PBXResourcesBuildPhase;
			buildActionMask = 2147483647;
			files = (
				C8B3B53B1CDD998B001BE455 /* LaunchScreen.storyboard in Resources */,
				C8B3B5381CDD998B001BE455 /* Assets.xcassets in Resources */,
				C8B3B5331CDD998B001BE455 /* Main.storyboard in Resources */,
			);
			runOnlyForDeploymentPostprocessing = 0;
		};
		C8B3B53F1CDD998B001BE455 /* Resources */ = {
			isa = PBXResourcesBuildPhase;
			buildActionMask = 2147483647;
			files = (
			);
			runOnlyForDeploymentPostprocessing = 0;
		};
		C8B3B54A1CDD998B001BE455 /* Resources */ = {
			isa = PBXResourcesBuildPhase;
			buildActionMask = 2147483647;
			files = (
			);
			runOnlyForDeploymentPostprocessing = 0;
		};
/* End PBXResourcesBuildPhase section */

/* Begin PBXSourcesBuildPhase section */
		C8B3B5261CDD998B001BE455 /* Sources */ = {
			isa = PBXSourcesBuildPhase;
			buildActionMask = 2147483647;
			files = (
				C8B3B5361CDD998B001BE455 /* TestTableView.xcdatamodeld in Sources */,
				C8B3B55F1CDD9A8D001BE455 /* ProductTableViewCell.swift in Sources */,
				C8B3B5301CDD998B001BE455 /* ViewController.swift in Sources */,
				C8B3B52E1CDD998B001BE455 /* AppDelegate.swift in Sources */,
			);
			runOnlyForDeploymentPostprocessing = 0;
		};
		C8B3B53D1CDD998B001BE455 /* Sources */ = {
			isa = PBXSourcesBuildPhase;
			buildActionMask = 2147483647;
			files = (
				C8B3B5461CDD998B001BE455 /* TestTableViewTests.swift in Sources */,
			);
			runOnlyForDeploymentPostprocessing = 0;
		};
		C8B3B5481CDD998B001BE455 /* Sources */ = {
			isa = PBXSourcesBuildPhase;
			buildActionMask = 2147483647;
			files = (
				C8B3B5511CDD998B001BE455 /* TestTableViewUITests.swift in Sources */,
			);
			runOnlyForDeploymentPostprocessing = 0;
		};
/* End PBXSourcesBuildPhase section */

/* Begin PBXTargetDependency section */
		C8B3B5431CDD998B001BE455 /* PBXTargetDependency */ = {
			isa = PBXTargetDependency;
			target = C8B3B5291CDD998B001BE455 /* TestTableView */;
			targetProxy = C8B3B5421CDD998B001BE455 /* PBXContainerItemProxy */;
		};
		C8B3B54E1CDD998B001BE455 /* PBXTargetDependency */ = {
			isa = PBXTargetDependency;
			target = C8B3B5291CDD998B001BE455 /* TestTableView */;
			targetProxy = C8B3B54D1CDD998B001BE455 /* PBXContainerItemProxy */;
		};
/* End PBXTargetDependency section */

/* Begin PBXVariantGroup section */
		C8B3B5311CDD998B001BE455 /* Main.storyboard */ = {
			isa = PBXVariantGroup;
			children = (
				C8B3B5321CDD998B001BE455 /* Base */,
			);
			name = Main.storyboard;
			sourceTree = "<group>";
		};
		C8B3B5391CDD998B001BE455 /* LaunchScreen.storyboard */ = {
			isa = PBXVariantGroup;
			children = (
				C8B3B53A1CDD998B001BE455 /* Base */,
			);
			name = LaunchScreen.storyboard;
			sourceTree = "<group>";
		};
/* End PBXVariantGroup section */

/* Begin XCBuildConfiguration section */
		C8B3B5531CDD998B001BE455 /* Debug */ = {
			isa = XCBuildConfiguration;
			buildSettings = {
				ALWAYS_SEARCH_USER_PATHS = NO;
				CLANG_ANALYZER_NONNULL = YES;
				CLANG_CXX_LANGUAGE_STANDARD = "gnu++0x";
				CLANG_CXX_LIBRARY = "libc++";
				CLANG_ENABLE_MODULES = YES;
				CLANG_ENABLE_OBJC_ARC = YES;
				CLANG_WARN_BOOL_CONVERSION = YES;
				CLANG_WARN_CONSTANT_CONVERSION = YES;
				CLANG_WARN_DIRECT_OBJC_ISA_USAGE = YES_ERROR;
				CLANG_WARN_EMPTY_BODY = YES;
				CLANG_WARN_ENUM_CONVERSION = YES;
				CLANG_WARN_INT_CONVERSION = YES;
				CLANG_WARN_OBJC_ROOT_CLASS = YES_ERROR;
				CLANG_WARN_UNREACHABLE_CODE = YES;
				CLANG_WARN__DUPLICATE_METHOD_MATCH = YES;
				"CODE_SIGN_IDENTITY[sdk=iphoneos*]" = "iPhone Developer";
				COPY_PHASE_STRIP = NO;
				DEBUG_INFORMATION_FORMAT = dwarf;
				ENABLE_STRICT_OBJC_MSGSEND = YES;
				ENABLE_TESTABILITY = YES;
				GCC_C_LANGUAGE_STANDARD = gnu99;
				GCC_DYNAMIC_NO_PIC = NO;
				GCC_NO_COMMON_BLOCKS = YES;
				GCC_OPTIMIZATION_LEVEL = 0;
				GCC_PREPROCESSOR_DEFINITIONS = (
					"DEBUG=1",
					"$(inherited)",
				);
				GCC_WARN_64_TO_32_BIT_CONVERSION = YES;
				GCC_WARN_ABOUT_RETURN_TYPE = YES_ERROR;
				GCC_WARN_UNDECLARED_SELECTOR = YES;
				GCC_WARN_UNINITIALIZED_AUTOS = YES_AGGRESSIVE;
				GCC_WARN_UNUSED_FUNCTION = YES;
				GCC_WARN_UNUSED_VARIABLE = YES;
				IPHONEOS_DEPLOYMENT_TARGET = 9.3;
				MTL_ENABLE_DEBUG_INFO = YES;
				ONLY_ACTIVE_ARCH = YES;
				SDKROOT = iphoneos;
				SWIFT_OPTIMIZATION_LEVEL = "-Onone";
				TARGETED_DEVICE_FAMILY = "1,2";
			};
			name = Debug;
		};
		C8B3B5541CDD998B001BE455 /* Release */ = {
			isa = XCBuildConfiguration;
			buildSettings = {
				ALWAYS_SEARCH_USER_PATHS = NO;
				CLANG_ANALYZER_NONNULL = YES;
				CLANG_CXX_LANGUAGE_STANDARD = "gnu++0x";
				CLANG_CXX_LIBRARY = "libc++";
				CLANG_ENABLE_MODULES = YES;
				CLANG_ENABLE_OBJC_ARC = YES;
				CLANG_WARN_BOOL_CONVERSION = YES;
				CLANG_WARN_CONSTANT_CONVERSION = YES;
				CLANG_WARN_DIRECT_OBJC_ISA_USAGE = YES_ERROR;
				CLANG_WARN_EMPTY_BODY = YES;
				CLANG_WARN_ENUM_CONVERSION = YES;
				CLANG_WARN_INT_CONVERSION = YES;
				CLANG_WARN_OBJC_ROOT_CLASS = YES_ERROR;
				CLANG_WARN_UNREACHABLE_CODE = YES;
				CLANG_WARN__DUPLICATE_METHOD_MATCH = YES;
				"CODE_SIGN_IDENTITY[sdk=iphoneos*]" = "iPhone Developer";
				COPY_PHASE_STRIP = NO;
				DEBUG_INFORMATION_FORMAT = "dwarf-with-dsym";
				ENABLE_NS_ASSERTIONS = NO;
				ENABLE_STRICT_OBJC_MSGSEND = YES;
				GCC_C_LANGUAGE_STANDARD = gnu99;
				GCC_NO_COMMON_BLOCKS = YES;
				GCC_WARN_64_TO_32_BIT_CONVERSION = YES;
				GCC_WARN_ABOUT_RETURN_TYPE = YES_ERROR;
				GCC_WARN_UNDECLARED_SELECTOR = YES;
				GCC_WARN_UNINITIALIZED_AUTOS = YES_AGGRESSIVE;
				GCC_WARN_UNUSED_FUNCTION = YES;
				GCC_WARN_UNUSED_VARIABLE = YES;
				IPHONEOS_DEPLOYMENT_TARGET = 9.3;
				MTL_ENABLE_DEBUG_INFO = NO;
				SDKROOT = iphoneos;
				TARGETED_DEVICE_FAMILY = "1,2";
				VALIDATE_PRODUCT = YES;
			};
			name = Release;
		};
		C8B3B5561CDD998B001BE455 /* Debug */ = {
			isa = XCBuildConfiguration;
			buildSettings = {
				ASSETCATALOG_COMPILER_APPICON_NAME = AppIcon;
				INFOPLIST_FILE = TestTableView/Info.plist;
				LD_RUNPATH_SEARCH_PATHS = "$(inherited) @executable_path/Frameworks";
				PRODUCT_BUNDLE_IDENTIFIER = com.scriptsvn.TestTableView;
				PRODUCT_NAME = "$(TARGET_NAME)";
			};
			name = Debug;
		};
		C8B3B5571CDD998B001BE455 /* Release */ = {
			isa = XCBuildConfiguration;
			buildSettings = {
				ASSETCATALOG_COMPILER_APPICON_NAME = AppIcon;
				INFOPLIST_FILE = TestTableView/Info.plist;
				LD_RUNPATH_SEARCH_PATHS = "$(inherited) @executable_path/Frameworks";
				PRODUCT_BUNDLE_IDENTIFIER = com.scriptsvn.TestTableView;
				PRODUCT_NAME = "$(TARGET_NAME)";
			};
			name = Release;
		};
		C8B3B5591CDD998B001BE455 /* Debug */ = {
			isa = XCBuildConfiguration;
			buildSettings = {
				BUNDLE_LOADER = "$(TEST_HOST)";
				INFOPLIST_FILE = TestTableViewTests/Info.plist;
				LD_RUNPATH_SEARCH_PATHS = "$(inherited) @executable_path/Frameworks @loader_path/Frameworks";
				PRODUCT_BUNDLE_IDENTIFIER = com.scriptsvn.TestTableViewTests;
				PRODUCT_NAME = "$(TARGET_NAME)";
				TEST_HOST = "$(BUILT_PRODUCTS_DIR)/TestTableView.app/TestTableView";
			};
			name = Debug;
		};
		C8B3B55A1CDD998B001BE455 /* Release */ = {
			isa = XCBuildConfiguration;
			buildSettings = {
				BUNDLE_LOADER = "$(TEST_HOST)";
				INFOPLIST_FILE = TestTableViewTests/Info.plist;
				LD_RUNPATH_SEARCH_PATHS = "$(inherited) @executable_path/Frameworks @loader_path/Frameworks";
				PRODUCT_BUNDLE_IDENTIFIER = com.scriptsvn.TestTableViewTests;
				PRODUCT_NAME = "$(TARGET_NAME)";
				TEST_HOST = "$(BUILT_PRODUCTS_DIR)/TestTableView.app/TestTableView";
			};
			name = Release;
		};
		C8B3B55C1CDD998B001BE455 /* Debug */ = {
			isa = XCBuildConfiguration;
			buildSettings = {
				INFOPLIST_FILE = TestTableViewUITests/Info.plist;
				LD_RUNPATH_SEARCH_PATHS = "$(inherited) @executable_path/Frameworks @loader_path/Frameworks";
				PRODUCT_BUNDLE_IDENTIFIER = com.scriptsvn.TestTableViewUITests;
				PRODUCT_NAME = "$(TARGET_NAME)";
				TEST_TARGET_NAME = TestTableView;
			};
			name = Debug;
		};
		C8B3B55D1CDD998B001BE455 /* Release */ = {
			isa = XCBuildConfiguration;
			buildSettings = {
				INFOPLIST_FILE = TestTableViewUITests/Info.plist;
				LD_RUNPATH_SEARCH_PATHS = "$(inherited) @executable_path/Frameworks @loader_path/Frameworks";
				PRODUCT_BUNDLE_IDENTIFIER = com.scriptsvn.TestTableViewUITests;
				PRODUCT_NAME = "$(TARGET_NAME)";
				TEST_TARGET_NAME = TestTableView;
			};
			name = Release;
		};
/* End XCBuildConfiguration section */

/* Begin XCConfigurationList section */
		C8B3B5251CDD998B001BE455 /* Build configuration list for PBXProject "TestTableView" */ = {
			isa = XCConfigurationList;
			buildConfigurations = (
				C8B3B5531CDD998B001BE455 /* Debug */,
				C8B3B5541CDD998B001BE455 /* Release */,
			);
			defaultConfigurationIsVisible = 0;
			defaultConfigurationName = Release;
		};
		C8B3B5551CDD998B001BE455 /* Build configuration list for PBXNativeTarget "TestTableView" */ = {
			isa = XCConfigurationList;
			buildConfigurations = (
				C8B3B5561CDD998B001BE455 /* Debug */,
				C8B3B5571CDD998B001BE455 /* Release */,
			);
			defaultConfigurationIsVisible = 0;
		};
		C8B3B5581CDD998B001BE455 /* Build configuration list for PBXNativeTarget "TestTableViewTests" */ = {
			isa = XCConfigurationList;
			buildConfigurations = (
				C8B3B5591CDD998B001BE455 /* Debug */,
				C8B3B55A1CDD998B001BE455 /* Release */,
			);
			defaultConfigurationIsVisible = 0;
		};
		C8B3B55B1CDD998B001BE455 /* Build configuration list for PBXNativeTarget "TestTableViewUITests" */ = {
			isa = XCConfigurationList;
			buildConfigurations = (
				C8B3B55C1CDD998B001BE455 /* Debug */,
				C8B3B55D1CDD998B001BE455 /* Release */,
			);
			defaultConfigurationIsVisible = 0;
		};
/* End XCConfigurationList section */

/* Begin XCVersionGroup section */
		C8B3B5341CDD998B001BE455 /* TestTableView.xcdatamodeld */ = {
			isa = XCVersionGroup;
			children = (
				C8B3B5351CDD998B001BE455 /* TestTableView.xcdatamodel */,
			);
			currentVersion = C8B3B5351CDD998B001BE455 /* TestTableView.xcdatamodel */;
			path = TestTableView.xcdatamodeld;
			sourceTree = "<group>";
			versionGroupType = wrapper.xcdatamodel;
		};
/* End XCVersionGroup section */
	};
	rootObject = C8B3B5221CDD998B001BE455 /* Project object */;
}
